Microsoft Visual Studio Solution File, Format Version 12.00
# Visual Studio 2012
Project("{FAE04EC0-301F-11D3-BF4B-00C04F79EFBC}") = "VoxelWorlds", "VoxelWorlds.csproj", "{B9B29333-FD8F-4737-98D8-E9B0AC9937DD}"
EndProject
Global
	GlobalSection(SolutionConfigurationPlatforms) = preSolution
	Debug|Any CPU = Debug|Any CPU
	ExportDebug|Any CPU = ExportDebug|Any CPU
	ExportRelease|Any CPU = ExportRelease|Any CPU
	EndGlobalSection
	GlobalSection(ProjectConfigurationPlatforms) = postSolution
		{B9B29333-FD8F-4737-98D8-E9B0AC9937DD}.Debug|Any CPU.ActiveCfg = Debug|Any CPU
		{B9B29333-FD8F-4737-98D8-E9B0AC9937DD}.Debug|Any CPU.Build.0 = Debug|Any CPU
		{B9B29333-FD8F-4737-98D8-E9B0AC9937DD}.ExportDebug|Any CPU.ActiveCfg = ExportDebug|Any CPU
		{B9B29333-FD8F-4737-98D8-E9B0AC9937DD}.ExportDebug|Any CPU.Build.0 = ExportDebug|Any CPU
		{B9B29333-FD8F-4737-98D8-E9B0AC9937DD}.ExportRelease|Any CPU.ActiveCfg = ExportRelease|Any CPU
		{B9B29333-FD8F-4737-98D8-E9B0AC9937DD}.ExportRelease|Any CPU.Build.0 = ExportRelease|Any CPU
	EndGlobalSection
EndGlobal
